
Microsoft Visual Studio Solution File, Format Version 12.00
# Visual Studio Version 16
VisualStudioVersion = 16.0.30128.74
MinimumVisualStudioVersion = 10.0.40219.1
Project("{FAE04EC0-301F-11D3-BF4B-00C04F79EFBC}") = "Perceptron-Final-RandyLee", "Perceptron-Final-RandyLee.csproj", "{AD849AC1-0FC1-4DF2-96DA-2F3B8A309BEA}"
EndProject
Global
	GlobalSection(SolutionConfigurationPlatforms) = preSolution
		Debug|Any CPU = Debug|Any CPU
		Release|Any CPU = Release|Any CPU
	EndGlobalSection
	GlobalSection(ProjectConfigurationPlatforms) = postSolution
		{AD849AC1-0FC1-4DF2-96DA-2F3B8A309BEA}.Debug|Any CPU.ActiveCfg = Debug|Any CPU
		{AD849AC1-0FC1-4DF2-96DA-2F3B8A309BEA}.Debug|Any CPU.Build.0 = Debug|Any CPU
		{AD849AC1-0FC1-4DF2-96DA-2F3B8A309BEA}.Release|Any CPU.ActiveCfg = Release|Any CPU
		{AD849AC1-0FC1-4DF2-96DA-2F3B8A309BEA}.Release|Any CPU.Build.0 = Release|Any CPU
	EndGlobalSection
	GlobalSection(SolutionProperties) = preSolution
		HideSolutionNode = FALSE
	EndGlobalSection
	GlobalSection(ExtensibilityGlobals) = postSolution
		SolutionGuid = {89D1D285-324C-4677-9A4F-D84D4FCC5B9F}
	EndGlobalSection
EndGlobal
